// !$*UTF8*$!
{
	archiveVersion = 1;
	classes = {
	};
	objectVersion = 51;
	objects = {

/* Begin PBXBuildFile section */
		073020D1390883B04407D4D8 /* Pods_newsappTests.framework in Frameworks */ = {isa = PBXBuildFile; fileRef = 254C5D3A9D9C229BA23E6C12 /* Pods_newsappTests.framework */; };
		178F1BA97249918892D91258 /* Pods_newsapp.framework in Frameworks */ = {isa = PBXBuildFile; fileRef = 31404AC31645623E4F4C696A /* Pods_newsapp.framework */; };
		223FB0A681E329CCB9401888 /* Pods_newsapp_newsappUITests.framework in Frameworks */ = {isa = PBXBuildFile; fileRef = DE46DB0A20F4DDCD1DA9C97A /* Pods_newsapp_newsappUITests.framework */; };
		4A48E7112640811800E07502 /* DetailViewController.swift in Sources */ = {isa = PBXBuildFile; fileRef = 4A48E7102640811800E07502 /* DetailViewController.swift */; };
		4A48E7162640ACD800E07502 /* Extensions.swift in Sources */ = {isa = PBXBuildFile; fileRef = 4A48E7152640ACD800E07502 /* Extensions.swift */; };
		4A48E71B2640B16700E07502 /* FavoritesViewController.swift in Sources */ = {isa = PBXBuildFile; fileRef = 4A48E71A2640B16700E07502 /* FavoritesViewController.swift */; };
		4ABE67EF263DCCA8006A959D /* AppDelegate.swift in Sources */ = {isa = PBXBuildFile; fileRef = 4ABE67EE263DCCA8006A959D /* AppDelegate.swift */; };
		4ABE67F1263DCCA8006A959D /* SceneDelegate.swift in Sources */ = {isa = PBXBuildFile; fileRef = 4ABE67F0263DCCA8006A959D /* SceneDelegate.swift */; };
		4ABE67F3263DCCA8006A959D /* MainViewController.swift in Sources */ = {isa = PBXBuildFile; fileRef = 4ABE67F2263DCCA8006A959D /* MainViewController.swift */; };
		4ABE67F8263DCCA9006A959D /* Assets.xcassets in Resources */ = {isa = PBXBuildFile; fileRef = 4ABE67F7263DCCA9006A959D /* Assets.xcassets */; };
		4ABE67FB263DCCA9006A959D /* LaunchScreen.storyboard in Resources */ = {isa = PBXBuildFile; fileRef = 4ABE67F9263DCCA9006A959D /* LaunchScreen.storyboard */; };
		4ABE6806263DCCA9006A959D /* newsappTests.swift in Sources */ = {isa = PBXBuildFile; fileRef = 4ABE6805263DCCA9006A959D /* newsappTests.swift */; };
		4ABE6811263DCCA9006A959D /* newsappUITests.swift in Sources */ = {isa = PBXBuildFile; fileRef = 4ABE6810263DCCA9006A959D /* newsappUITests.swift */; };
		4ABE6825263DCF8F006A959D /* Model.swift in Sources */ = {isa = PBXBuildFile; fileRef = 4ABE6824263DCF8F006A959D /* Model.swift */; };
		4ABE683C263DD2F8006A959D /* Service.swift in Sources */ = {isa = PBXBuildFile; fileRef = 4ABE683B263DD2F8006A959D /* Service.swift */; };
		4AC79C88263F29E000CE83D8 /* NewsViewModel.swift in Sources */ = {isa = PBXBuildFile; fileRef = 4AC79C87263F29E000CE83D8 /* NewsViewModel.swift */; };
		4AC79CB0263F3B2300CE83D8 /* NewsTableViewCell.swift in Sources */ = {isa = PBXBuildFile; fileRef = 4AC79CAF263F3B2300CE83D8 /* NewsTableViewCell.swift */; };
		4AC9C2552641DC7000162941 /* CustomTabBarController.swift in Sources */ = {isa = PBXBuildFile; fileRef = 4AC9C2542641DC7000162941 /* CustomTabBarController.swift */; };
/* End PBXBuildFile section */

/* Begin PBXContainerItemProxy section */
		4ABE6802263DCCA9006A959D /* PBXContainerItemProxy */ = {
			isa = PBXContainerItemProxy;
			containerPortal = 4ABE67E3263DCCA8006A959D /* Project object */;
			proxyType = 1;
			remoteGlobalIDString = 4ABE67EA263DCCA8006A959D;
			remoteInfo = newsapp;
		};
		4ABE680D263DCCA9006A959D /* PBXContainerItemProxy */ = {
			isa = PBXContainerItemProxy;
			containerPortal = 4ABE67E3263DCCA8006A959D /* Project object */;
			proxyType = 1;
			remoteGlobalIDString = 4ABE67EA263DCCA8006A959D;
			remoteInfo = newsapp;
		};
/* End PBXContainerItemProxy section */

/* Begin PBXFileReference section */
		254C5D3A9D9C229BA23E6C12 /* Pods_newsappTests.framework */ = {isa = PBXFileReference; explicitFileType = wrapper.framework; includeInIndex = 0; path = Pods_newsappTests.framework; sourceTree = BUILT_PRODUCTS_DIR; };
		31404AC31645623E4F4C696A /* Pods_newsapp.framework */ = {isa = PBXFileReference; explicitFileType = wrapper.framework; includeInIndex = 0; path = Pods_newsapp.framework; sourceTree = BUILT_PRODUCTS_DIR; };
		4A48E7102640811800E07502 /* DetailViewController.swift */ = {isa = PBXFileReference; lastKnownFileType = sourcecode.swift; path = DetailViewController.swift; sourceTree = "<group>"; };
		4A48E7152640ACD800E07502 /* Extensions.swift */ = {isa = PBXFileReference; lastKnownFileType = sourcecode.swift; path = Extensions.swift; sourceTree = "<group>"; };
		4A48E71A2640B16700E07502 /* FavoritesViewController.swift */ = {isa = PBXFileReference; lastKnownFileType = sourcecode.swift; path = FavoritesViewController.swift; sourceTree = "<group>"; };
		4ABE67EB263DCCA8006A959D /* newsapp.app */ = {isa = PBXFileReference; explicitFileType = wrapper.application; includeInIndex = 0; path = newsapp.app; sourceTree = BUILT_PRODUCTS_DIR; };
		4ABE67EE263DCCA8006A959D /* AppDelegate.swift */ = {isa = PBXFileReference; lastKnownFileType = sourcecode.swift; path = AppDelegate.swift; sourceTree = "<group>"; };
		4ABE67F0263DCCA8006A959D /* SceneDelegate.swift */ = {isa = PBXFileReference; lastKnownFileType = sourcecode.swift; path = SceneDelegate.swift; sourceTree = "<group>"; };
		4ABE67F2263DCCA8006A959D /* MainViewController.swift */ = {isa = PBXFileReference; lastKnownFileType = sourcecode.swift; path = MainViewController.swift; sourceTree = "<group>"; };
		4ABE67F7263DCCA9006A959D /* Assets.xcassets */ = {isa = PBXFileReference; lastKnownFileType = folder.assetcatalog; path = Assets.xcassets; sourceTree = "<group>"; };
		4ABE67FA263DCCA9006A959D /* Base */ = {isa = PBXFileReference; lastKnownFileType = file.storyboard; name = Base; path = Base.lproj/LaunchScreen.storyboard; sourceTree = "<group>"; };
		4ABE67FC263DCCA9006A959D /* Info.plist */ = {isa = PBXFileReference; lastKnownFileType = text.plist.xml; path = Info.plist; sourceTree = "<group>"; };
		4ABE6801263DCCA9006A959D /* newsappTests.xctest */ = {isa = PBXFileReference; explicitFileType = wrapper.cfbundle; includeInIndex = 0; path = newsappTests.xctest; sourceTree = BUILT_PRODUCTS_DIR; };
		4ABE6805263DCCA9006A959D /* newsappTests.swift */ = {isa = PBXFileReference; lastKnownFileType = sourcecode.swift; path = newsappTests.swift; sourceTree = "<group>"; };
		4ABE6807263DCCA9006A959D /* Info.plist */ = {isa = PBXFileReference; lastKnownFileType = text.plist.xml; path = Info.plist; sourceTree = "<group>"; };
		4ABE680C263DCCA9006A959D /* newsappUITests.xctest */ = {isa = PBXFileReference; explicitFileType = wrapper.cfbundle; includeInIndex = 0; path = newsappUITests.xctest; sourceTree = BUILT_PRODUCTS_DIR; };
		4ABE6810263DCCA9006A959D /* newsappUITests.swift */ = {isa = PBXFileReference; lastKnownFileType = sourcecode.swift; path = newsappUITests.swift; sourceTree = "<group>"; };
		4ABE6812263DCCA9006A959D /* Info.plist */ = {isa = PBXFileReference; lastKnownFileType = text.plist.xml; path = Info.plist; sourceTree = "<group>"; };
		4ABE6824263DCF8F006A959D /* Model.swift */ = {isa = PBXFileReference; lastKnownFileType = sourcecode.swift; path = Model.swift; sourceTree = "<group>"; };
		4ABE683B263DD2F8006A959D /* Service.swift */ = {isa = PBXFileReference; lastKnownFileType = sourcecode.swift; path = Service.swift; sourceTree = "<group>"; };
		4AC79C87263F29E000CE83D8 /* NewsViewModel.swift */ = {isa = PBXFileReference; lastKnownFileType = sourcecode.swift; path = NewsViewModel.swift; sourceTree = "<group>"; };
		4AC79CAF263F3B2300CE83D8 /* NewsTableViewCell.swift */ = {isa = PBXFileReference; lastKnownFileType = sourcecode.swift; path = NewsTableViewCell.swift; sourceTree = "<group>"; };
		4AC9C2542641DC7000162941 /* CustomTabBarController.swift */ = {isa = PBXFileReference; lastKnownFileType = sourcecode.swift; name = CustomTabBarController.swift; path = newsapp/Controller/CustomTabBarController.swift; sourceTree = SOURCE_ROOT; };
		6907F6DD8775560D3913BA65 /* Pods-newsapp-newsappUITests.release.xcconfig */ = {isa = PBXFileReference; includeInIndex = 1; lastKnownFileType = text.xcconfig; name = "Pods-newsapp-newsappUITests.release.xcconfig"; path = "Target Support Files/Pods-newsapp-newsappUITests/Pods-newsapp-newsappUITests.release.xcconfig"; sourceTree = "<group>"; };
		8813A705C7258E04A0289FA5 /* Pods-newsappTests.release.xcconfig */ = {isa = PBXFileReference; includeInIndex = 1; lastKnownFileType = text.xcconfig; name = "Pods-newsappTests.release.xcconfig"; path = "Target Support Files/Pods-newsappTests/Pods-newsappTests.release.xcconfig"; sourceTree = "<group>"; };
		90891AA40DA09BB113ABFE69 /* Pods-newsapp-newsappUITests.debug.xcconfig */ = {isa = PBXFileReference; includeInIndex = 1; lastKnownFileType = text.xcconfig; name = "Pods-newsapp-newsappUITests.debug.xcconfig"; path = "Target Support Files/Pods-newsapp-newsappUITests/Pods-newsapp-newsappUITests.debug.xcconfig"; sourceTree = "<group>"; };
		ADF84C33392206A770A45609 /* Pods-newsapp.release.xcconfig */ = {isa = PBXFileReference; includeInIndex = 1; lastKnownFileType = text.xcconfig; name = "Pods-newsapp.release.xcconfig"; path = "Target Support Files/Pods-newsapp/Pods-newsapp.release.xcconfig"; sourceTree = "<group>"; };
		B723BC866A1DD391E0761EF2 /* Pods-newsappTests.debug.xcconfig */ = {isa = PBXFileReference; includeInIndex = 1; lastKnownFileType = text.xcconfig; name = "Pods-newsappTests.debug.xcconfig"; path = "Target Support Files/Pods-newsappTests/Pods-newsappTests.debug.xcconfig"; sourceTree = "<group>"; };
		DE46DB0A20F4DDCD1DA9C97A /* Pods_newsapp_newsappUITests.framework */ = {isa = PBXFileReference; explicitFileType = wrapper.framework; includeInIndex = 0; path = Pods_newsapp_newsappUITests.framework; sourceTree = BUILT_PRODUCTS_DIR; };
		FD5EFEB409AAE4D4ACA65BA1 /* Pods-newsapp.debug.xcconfig */ = {isa = PBXFileReference; includeInIndex = 1; lastKnownFileType = text.xcconfig; name = "Pods-newsapp.debug.xcconfig"; path = "Target Support Files/Pods-newsapp/Pods-newsapp.debug.xcconfig"; sourceTree = "<group>"; };
/* End PBXFileReference section */

/* Begin PBXFrameworksBuildPhase section */
		4ABE67E8263DCCA8006A959D /* Frameworks */ = {
			isa = PBXFrameworksBuildPhase;
			buildActionMask = 2147483647;
			files = (
				178F1BA97249918892D91258 /* Pods_newsapp.framework in Frameworks */,
			);
			runOnlyForDeploymentPostprocessing = 0;
		};
		4ABE67FE263DCCA9006A959D /* Frameworks */ = {
			isa = PBXFrameworksBuildPhase;
			buildActionMask = 2147483647;
			files = (
				073020D1390883B04407D4D8 /* Pods_newsappTests.framework in Frameworks */,
			);
			runOnlyForDeploymentPostprocessing = 0;
		};
		4ABE6809263DCCA9006A959D /* Frameworks */ = {
			isa = PBXFrameworksBuildPhase;
			buildActionMask = 2147483647;
			files = (
				223FB0A681E329CCB9401888 /* Pods_newsapp_newsappUITests.framework in Frameworks */,
			);
			runOnlyForDeploymentPostprocessing = 0;
		};
/* End PBXFrameworksBuildPhase section */

/* Begin PBXGroup section */
		4ABE67E2263DCCA8006A959D = {
			isa = PBXGroup;
			children = (
				4ABE67ED263DCCA8006A959D /* newsapp */,
				4ABE6804263DCCA9006A959D /* newsappTests */,
				4ABE680F263DCCA9006A959D /* newsappUITests */,
				4ABE67EC263DCCA8006A959D /* Products */,
				E3EA9D364814FD2CC51A13AC /* Pods */,
				6BD07023AED9EF15E067B62C /* Frameworks */,
			);
			sourceTree = "<group>";
		};
		4ABE67EC263DCCA8006A959D /* Products */ = {
			isa = PBXGroup;
			children = (
				4ABE67EB263DCCA8006A959D /* newsapp.app */,
				4ABE6801263DCCA9006A959D /* newsappTests.xctest */,
				4ABE680C263DCCA9006A959D /* newsappUITests.xctest */,
			);
			name = Products;
			sourceTree = "<group>";
		};
		4ABE67ED263DCCA8006A959D /* newsapp */ = {
			isa = PBXGroup;
			children = (
				4AC9C25F26422EFD00162941 /* Extensions */,
				4AC79CAE263F3AD000CE83D8 /* ViewModel */,
				4AC79CAD263F3AB300CE83D8 /* View */,
				4AC79CAC263F3AA600CE83D8 /* Controller */,
				4AC79CAB263F3A9400CE83D8 /* Service */,
				4AC79CAA263F3A8000CE83D8 /* Model */,
				4ABE67EE263DCCA8006A959D /* AppDelegate.swift */,
				4ABE67F0263DCCA8006A959D /* SceneDelegate.swift */,
				4ABE67F7263DCCA9006A959D /* Assets.xcassets */,
				4ABE67F9263DCCA9006A959D /* LaunchScreen.storyboard */,
				4ABE67FC263DCCA9006A959D /* Info.plist */,
			);
			path = newsapp;
			sourceTree = "<group>";
		};
		4ABE6804263DCCA9006A959D /* newsappTests */ = {
			isa = PBXGroup;
			children = (
				4ABE6805263DCCA9006A959D /* newsappTests.swift */,
				4ABE6807263DCCA9006A959D /* Info.plist */,
			);
			path = newsappTests;
			sourceTree = "<group>";
		};
		4ABE680F263DCCA9006A959D /* newsappUITests */ = {
			isa = PBXGroup;
			children = (
				4ABE6810263DCCA9006A959D /* newsappUITests.swift */,
				4ABE6812263DCCA9006A959D /* Info.plist */,
			);
			path = newsappUITests;
			sourceTree = "<group>";
		};
		4AC79CAA263F3A8000CE83D8 /* Model */ = {
			isa = PBXGroup;
			children = (
				4ABE6824263DCF8F006A959D /* Model.swift */,
			);
			path = Model;
			sourceTree = "<group>";
		};
		4AC79CAB263F3A9400CE83D8 /* Service */ = {
			isa = PBXGroup;
			children = (
				4ABE683B263DD2F8006A959D /* Service.swift */,
			);
			path = Service;
			sourceTree = "<group>";
		};
		4AC79CAC263F3AA600CE83D8 /* Controller */ = {
			isa = PBXGroup;
			children = (
				4ABE67F2263DCCA8006A959D /* MainViewController.swift */,
				4A48E7102640811800E07502 /* DetailViewController.swift */,
				4A48E71A2640B16700E07502 /* FavoritesViewController.swift */,
				4AC9C2542641DC7000162941 /* CustomTabBarController.swift */,
			);
			path = Controller;
			sourceTree = "<group>";
		};
		4AC79CAD263F3AB300CE83D8 /* View */ = {
			isa = PBXGroup;
			children = (
				4AC79CAF263F3B2300CE83D8 /* NewsTableViewCell.swift */,
			);
			path = View;
			sourceTree = "<group>";
		};
		4AC79CAE263F3AD000CE83D8 /* ViewModel */ = {
			isa = PBXGroup;
			children = (
				4AC79C87263F29E000CE83D8 /* NewsViewModel.swift */,
			);
			path = ViewModel;
			sourceTree = "<group>";
		};
		4AC9C25F26422EFD00162941 /* Extensions */ = {
			isa = PBXGroup;
			children = (
				4A48E7152640ACD800E07502 /* Extensions.swift */,
			);
			path = Extensions;
			sourceTree = "<group>";
		};
		6BD07023AED9EF15E067B62C /* Frameworks */ = {
			isa = PBXGroup;
			children = (
				31404AC31645623E4F4C696A /* Pods_newsapp.framework */,
				DE46DB0A20F4DDCD1DA9C97A /* Pods_newsapp_newsappUITests.framework */,
				254C5D3A9D9C229BA23E6C12 /* Pods_newsappTests.framework */,
			);
			name = Frameworks;
			sourceTree = "<group>";
		};
		E3EA9D364814FD2CC51A13AC /* Pods */ = {
			isa = PBXGroup;
			children = (
				FD5EFEB409AAE4D4ACA65BA1 /* Pods-newsapp.debug.xcconfig */,
				ADF84C33392206A770A45609 /* Pods-newsapp.release.xcconfig */,
				90891AA40DA09BB113ABFE69 /* Pods-newsapp-newsappUITests.debug.xcconfig */,
				6907F6DD8775560D3913BA65 /* Pods-newsapp-newsappUITests.release.xcconfig */,
				B723BC866A1DD391E0761EF2 /* Pods-newsappTests.debug.xcconfig */,
				8813A705C7258E04A0289FA5 /* Pods-newsappTests.release.xcconfig */,
			);
			path = Pods;
			sourceTree = "<group>";
		};
/* End PBXGroup section */

/* Begin PBXNativeTarget section */
		4ABE67EA263DCCA8006A959D /* newsapp */ = {
			isa = PBXNativeTarget;
			buildConfigurationList = 4ABE6815263DCCA9006A959D /* Build configuration list for PBXNativeTarget "newsapp" */;
			buildPhases = (
				A68994CAB254D7FF0E4191BA /* [CP] Check Pods Manifest.lock */,
				4ABE67E7263DCCA8006A959D /* Sources */,
				4ABE67E8263DCCA8006A959D /* Frameworks */,
				4ABE67E9263DCCA8006A959D /* Resources */,
				A082FD5448ADF2C627D28049 /* [CP] Embed Pods Frameworks */,
			);
			buildRules = (
			);
			dependencies = (
			);
			name = newsapp;
			productName = newsapp;
			productReference = 4ABE67EB263DCCA8006A959D /* newsapp.app */;
			productType = "com.apple.product-type.application";
		};
		4ABE6800263DCCA9006A959D /* newsappTests */ = {
			isa = PBXNativeTarget;
			buildConfigurationList = 4ABE6818263DCCA9006A959D /* Build configuration list for PBXNativeTarget "newsappTests" */;
			buildPhases = (
				CCB1F69DAA9DE6EB2F75FC87 /* [CP] Check Pods Manifest.lock */,
				4ABE67FD263DCCA9006A959D /* Sources */,
				4ABE67FE263DCCA9006A959D /* Frameworks */,
				4ABE67FF263DCCA9006A959D /* Resources */,
			);
			buildRules = (
			);
			dependencies = (
				4ABE6803263DCCA9006A959D /* PBXTargetDependency */,
			);
			name = newsappTests;
			productName = newsappTests;
			productReference = 4ABE6801263DCCA9006A959D /* newsappTests.xctest */;
			productType = "com.apple.product-type.bundle.unit-test";
		};
		4ABE680B263DCCA9006A959D /* newsappUITests */ = {
			isa = PBXNativeTarget;
			buildConfigurationList = 4ABE681B263DCCA9006A959D /* Build configuration list for PBXNativeTarget "newsappUITests" */;
			buildPhases = (
				95A567330DC612E146F94E46 /* [CP] Check Pods Manifest.lock */,
				4ABE6808263DCCA9006A959D /* Sources */,
				4ABE6809263DCCA9006A959D /* Frameworks */,
				4ABE680A263DCCA9006A959D /* Resources */,
				8EDC57B6276D929F851DA11F /* [CP] Embed Pods Frameworks */,
			);
			buildRules = (
			);
			dependencies = (
				4ABE680E263DCCA9006A959D /* PBXTargetDependency */,
			);
			name = newsappUITests;
			productName = newsappUITests;
			productReference = 4ABE680C263DCCA9006A959D /* newsappUITests.xctest */;
			productType = "com.apple.product-type.bundle.ui-testing";
		};
/* End PBXNativeTarget section */

/* Begin PBXProject section */
		4ABE67E3263DCCA8006A959D /* Project object */ = {
			isa = PBXProject;
			attributes = {
				LastSwiftUpdateCheck = 1210;
				LastUpgradeCheck = 1210;
				TargetAttributes = {
					4ABE67EA263DCCA8006A959D = {
						CreatedOnToolsVersion = 12.1;
					};
					4ABE6800263DCCA9006A959D = {
						CreatedOnToolsVersion = 12.1;
						TestTargetID = 4ABE67EA263DCCA8006A959D;
					};
					4ABE680B263DCCA9006A959D = {
						CreatedOnToolsVersion = 12.1;
						TestTargetID = 4ABE67EA263DCCA8006A959D;
					};
				};
			};
			buildConfigurationList = 4ABE67E6263DCCA8006A959D /* Build configuration list for PBXProject "newsapp" */;
			compatibilityVersion = "Xcode 9.3";
			developmentRegion = en;
			hasScannedForEncodings = 0;
			knownRegions = (
				en,
				Base,
			);
			mainGroup = 4ABE67E2263DCCA8006A959D;
			productRefGroup = 4ABE67EC263DCCA8006A959D /* Products */;
			projectDirPath = "";
			projectRoot = "";
			targets = (
				4ABE67EA263DCCA8006A959D /* newsapp */,
				4ABE6800263DCCA9006A959D /* newsappTests */,
				4ABE680B263DCCA9006A959D /* newsappUITests */,
			);
		};
/* End PBXProject section */

/* Begin PBXResourcesBuildPhase section */
		4ABE67E9263DCCA8006A959D /* Resources */ = {
			isa = PBXResourcesBuildPhase;
			buildActionMask = 2147483647;
			files = (
				4ABE67FB263DCCA9006A959D /* LaunchScreen.storyboard in Resources */,
				4ABE67F8263DCCA9006A959D /* Assets.xcassets in Resources */,
			);
			runOnlyForDeploymentPostprocessing = 0;
		};
		4ABE67FF263DCCA9006A959D /* Resources */ = {
			isa = PBXResourcesBuildPhase;
			buildActionMask = 2147483647;
			files = (
			);
			runOnlyForDeploymentPostprocessing = 0;
		};
		4ABE680A263DCCA9006A959D /* Resources */ = {
			isa = PBXResourcesBuildPhase;
			buildActionMask = 2147483647;
			files = (
			);
			runOnlyForDeploymentPostprocessing = 0;
		};
/* End PBXResourcesBuildPhase section */

/* Begin PBXShellScriptBuildPhase section */
		8EDC57B6276D929F851DA11F /* [CP] Embed Pods Frameworks */ = {
			isa = PBXShellScriptBuildPhase;
			buildActionMask = 2147483647;
			files = (
			);
			inputFileListPaths = (
				"${PODS_ROOT}/Target Support Files/Pods-newsapp-newsappUITests/Pods-newsapp-newsappUITests-frameworks-${CONFIGURATION}-input-files.xcfilelist",
			);
			name = "[CP] Embed Pods Frameworks";
			outputFileListPaths = (
				"${PODS_ROOT}/Target Support Files/Pods-newsapp-newsappUITests/Pods-newsapp-newsappUITests-frameworks-${CONFIGURATION}-output-files.xcfilelist",
			);
			runOnlyForDeploymentPostprocessing = 0;
			shellPath = /bin/sh;
			shellScript = "\"${PODS_ROOT}/Target Support Files/Pods-newsapp-newsappUITests/Pods-newsapp-newsappUITests-frameworks.sh\"\n";
			showEnvVarsInLog = 0;
		};
		95A567330DC612E146F94E46 /* [CP] Check Pods Manifest.lock */ = {
			isa = PBXShellScriptBuildPhase;
			buildActionMask = 2147483647;
			files = (
			);
			inputFileListPaths = (
			);
			inputPaths = (
				"${PODS_PODFILE_DIR_PATH}/Podfile.lock",
				"${PODS_ROOT}/Manifest.lock",
			);
			name = "[CP] Check Pods Manifest.lock";
			outputFileListPaths = (
			);
			outputPaths = (
				"$(DERIVED_FILE_DIR)/Pods-newsapp-newsappUITests-checkManifestLockResult.txt",
			);
			runOnlyForDeploymentPostprocessing = 0;
			shellPath = /bin/sh;
			shellScript = "diff \"${PODS_PODFILE_DIR_PATH}/Podfile.lock\" \"${PODS_ROOT}/Manifest.lock\" > /dev/null\nif [ $? != 0 ] ; then\n    # print error to STDERR\n    echo \"error: The sandbox is not in sync with the Podfile.lock. Run 'pod install' or update your CocoaPods installation.\" >&2\n    exit 1\nfi\n# This output is used by Xcode 'outputs' to avoid re-running this script phase.\necho \"SUCCESS\" > \"${SCRIPT_OUTPUT_FILE_0}\"\n";
			showEnvVarsInLog = 0;
		};
		A082FD5448ADF2C627D28049 /* [CP] Embed Pods Frameworks */ = {
			isa = PBXShellScriptBuildPhase;
			buildActionMask = 2147483647;
			files = (
			);
			inputFileListPaths = (
				"${PODS_ROOT}/Target Support Files/Pods-newsapp/Pods-newsapp-frameworks-${CONFIGURATION}-input-files.xcfilelist",
			);
			name = "[CP] Embed Pods Frameworks";
			outputFileListPaths = (
				"${PODS_ROOT}/Target Support Files/Pods-newsapp/Pods-newsapp-frameworks-${CONFIGURATION}-output-files.xcfilelist",
			);
			runOnlyForDeploymentPostprocessing = 0;
			shellPath = /bin/sh;
			shellScript = "\"${PODS_ROOT}/Target Support Files/Pods-newsapp/Pods-newsapp-frameworks.sh\"\n";
			showEnvVarsInLog = 0;
		};
		A68994CAB254D7FF0E4191BA /* [CP] Check Pods Manifest.lock */ = {
			isa = PBXShellScriptBuildPhase;
			buildActionMask = 2147483647;
			files = (
			);
			inputFileListPaths = (
			);
			inputPaths = (
				"${PODS_PODFILE_DIR_PATH}/Podfile.lock",
				"${PODS_ROOT}/Manifest.lock",
			);
			name = "[CP] Check Pods Manifest.lock";
			outputFileListPaths = (
			);
			outputPaths = (
				"$(DERIVED_FILE_DIR)/Pods-newsapp-checkManifestLockResult.txt",
			);
			runOnlyForDeploymentPostprocessing = 0;
			shellPath = /bin/sh;
			shellScript = "diff \"${PODS_PODFILE_DIR_PATH}/Podfile.lock\" \"${PODS_ROOT}/Manifest.lock\" > /dev/null\nif [ $? != 0 ] ; then\n    # print error to STDERR\n    echo \"error: The sandbox is not in sync with the Podfile.lock. Run 'pod install' or update your CocoaPods installation.\" >&2\n    exit 1\nfi\n# This output is used by Xcode 'outputs' to avoid re-running this script phase.\necho \"SUCCESS\" > \"${SCRIPT_OUTPUT_FILE_0}\"\n";
			showEnvVarsInLog = 0;
		};
		CCB1F69DAA9DE6EB2F75FC87 /* [CP] Check Pods Manifest.lock */ = {
			isa = PBXShellScriptBuildPhase;
			buildActionMask = 2147483647;
			files = (
			);
			inputFileListPaths = (
			);
			inputPaths = (
				"${PODS_PODFILE_DIR_PATH}/Podfile.lock",
				"${PODS_ROOT}/Manifest.lock",
			);
			name = "[CP] Check Pods Manifest.lock";
			outputFileListPaths = (
			);
			outputPaths = (
				"$(DERIVED_FILE_DIR)/Pods-newsappTests-checkManifestLockResult.txt",
			);
			runOnlyForDeploymentPostprocessing = 0;
			shellPath = /bin/sh;
			shellScript = "diff \"${PODS_PODFILE_DIR_PATH}/Podfile.lock\" \"${PODS_ROOT}/Manifest.lock\" > /dev/null\nif [ $? != 0 ] ; then\n    # print error to STDERR\n    echo \"error: The sandbox is not in sync with the Podfile.lock. Run 'pod install' or update your CocoaPods installation.\" >&2\n    exit 1\nfi\n# This output is used by Xcode 'outputs' to avoid re-running this script phase.\necho \"SUCCESS\" > \"${SCRIPT_OUTPUT_FILE_0}\"\n";
			showEnvVarsInLog = 0;
		};
/* End PBXShellScriptBuildPhase section */

/* Begin PBXSourcesBuildPhase section */
		4ABE67E7263DCCA8006A959D /* Sources */ = {
			isa = PBXSourcesBuildPhase;
			buildActionMask = 2147483647;
			files = (
				4ABE67F3263DCCA8006A959D /* MainViewController.swift in Sources */,
				4A48E7162640ACD800E07502 /* Extensions.swift in Sources */,
				4AC79CB0263F3B2300CE83D8 /* NewsTableViewCell.swift in Sources */,
				4AC79C88263F29E000CE83D8 /* NewsViewModel.swift in Sources */,
				4ABE67EF263DCCA8006A959D /* AppDelegate.swift in Sources */,
				4AC9C2552641DC7000162941 /* CustomTabBarController.swift in Sources */,
				4ABE683C263DD2F8006A959D /* Service.swift in Sources */,
				4ABE67F1263DCCA8006A959D /* SceneDelegate.swift in Sources */,
				4ABE6825263DCF8F006A959D /* Model.swift in Sources */,
				4A48E71B2640B16700E07502 /* FavoritesViewController.swift in Sources */,
				4A48E7112640811800E07502 /* DetailViewController.swift in Sources */,
			);
			runOnlyForDeploymentPostprocessing = 0;
		};
		4ABE67FD263DCCA9006A959D /* Sources */ = {
			isa = PBXSourcesBuildPhase;
			buildActionMask = 2147483647;
			files = (
				4ABE6806263DCCA9006A959D /* newsappTests.swift in Sources */,
			);
			runOnlyForDeploymentPostprocessing = 0;
		};
		4ABE6808263DCCA9006A959D /* Sources */ = {
			isa = PBXSourcesBuildPhase;
			buildActionMask = 2147483647;
			files = (
				4ABE6811263DCCA9006A959D /* newsappUITests.swift in Sources */,
			);
			runOnlyForDeploymentPostprocessing = 0;
		};
/* End PBXSourcesBuildPhase section */

/* Begin PBXTargetDependency section */
		4ABE6803263DCCA9006A959D /* PBXTargetDependency */ = {
			isa = PBXTargetDependency;
			target = 4ABE67EA263DCCA8006A959D /* newsapp */;
			targetProxy = 4ABE6802263DCCA9006A959D /* PBXContainerItemProxy */;
		};
		4ABE680E263DCCA9006A959D /* PBXTargetDependency */ = {
			isa = PBXTargetDependency;
			target = 4ABE67EA263DCCA8006A959D /* newsapp */;
			targetProxy = 4ABE680D263DCCA9006A959D /* PBXContainerItemProxy */;
		};
/* End PBXTargetDependency section */

/* Begin PBXVariantGroup section */
		4ABE67F9263DCCA9006A959D /* LaunchScreen.storyboard */ = {
			isa = PBXVariantGroup;
			children = (
				4ABE67FA263DCCA9006A959D /* Base */,
			);
			name = LaunchScreen.storyboard;
			sourceTree = "<group>";
		};
/* End PBXVariantGroup section */

/* Begin XCBuildConfiguration section */
		4ABE6813263DCCA9006A959D /* Debug */ = {
			isa = XCBuildConfiguration;
			buildSettings = {
				ALWAYS_SEARCH_USER_PATHS = NO;
				CLANG_ANALYZER_NONNULL = YES;
				CLANG_ANALYZER_NUMBER_OBJECT_CONVERSION = YES_AGGRESSIVE;
				CLANG_CXX_LANGUAGE_STANDARD = "gnu++14";
				CLANG_CXX_LIBRARY = "libc++";
				CLANG_ENABLE_MODULES = YES;
				CLANG_ENABLE_OBJC_ARC = YES;
				CLANG_ENABLE_OBJC_WEAK = YES;
				CLANG_WARN_BLOCK_CAPTURE_AUTORELEASING = YES;
				CLANG_WARN_BOOL_CONVERSION = YES;
				CLANG_WARN_COMMA = YES;
				CLANG_WARN_CONSTANT_CONVERSION = YES;
				CLANG_WARN_DEPRECATED_OBJC_IMPLEMENTATIONS = YES;
				CLANG_WARN_DIRECT_OBJC_ISA_USAGE = YES_ERROR;
				CLANG_WARN_DOCUMENTATION_COMMENTS = YES;
				CLANG_WARN_EMPTY_BODY = YES;
				CLANG_WARN_ENUM_CONVERSION = YES;
				CLANG_WARN_INFINITE_RECURSION = YES;
				CLANG_WARN_INT_CONVERSION = YES;
				CLANG_WARN_NON_LITERAL_NULL_CONVERSION = YES;
				CLANG_WARN_OBJC_IMPLICIT_RETAIN_SELF = YES;
				CLANG_WARN_OBJC_LITERAL_CONVERSION = YES;
				CLANG_WARN_OBJC_ROOT_CLASS = YES_ERROR;
				CLANG_WARN_QUOTED_INCLUDE_IN_FRAMEWORK_HEADER = YES;
				CLANG_WARN_RANGE_LOOP_ANALYSIS = YES;
				CLANG_WARN_STRICT_PROTOTYPES = YES;
				CLANG_WARN_SUSPICIOUS_MOVE = YES;
				CLANG_WARN_UNGUARDED_AVAILABILITY = YES_AGGRESSIVE;
				CLANG_WARN_UNREACHABLE_CODE = YES;
				CLANG_WARN__DUPLICATE_METHOD_MATCH = YES;
				COPY_PHASE_STRIP = NO;
				DEBUG_INFORMATION_FORMAT = dwarf;
				ENABLE_STRICT_OBJC_MSGSEND = YES;
				ENABLE_TESTABILITY = YES;
				GCC_C_LANGUAGE_STANDARD = gnu11;
				GCC_DYNAMIC_NO_PIC = NO;
				GCC_NO_COMMON_BLOCKS = YES;
				GCC_OPTIMIZATION_LEVEL = 0;
				GCC_PREPROCESSOR_DEFINITIONS = (
					"DEBUG=1",
					"$(inherited)",
				);
				GCC_WARN_64_TO_32_BIT_CONVERSION = YES;
				GCC_WARN_ABOUT_RETURN_TYPE = YES_ERROR;
				GCC_WARN_UNDECLARED_SELECTOR = YES;
				GCC_WARN_UNINITIALIZED_AUTOS = YES_AGGRESSIVE;
				GCC_WARN_UNUSED_FUNCTION = YES;
				GCC_WARN_UNUSED_VARIABLE = YES;
				IPHONEOS_DEPLOYMENT_TARGET = 14.1;
				MTL_ENABLE_DEBUG_INFO = INCLUDE_SOURCE;
				MTL_FAST_MATH = YES;
				ONLY_ACTIVE_ARCH = YES;
				SDKROOT = iphoneos;
				SWIFT_ACTIVE_COMPILATION_CONDITIONS = DEBUG;
				SWIFT_OPTIMIZATION_LEVEL = "-Onone";
			};
			name = Debug;
		};
		4ABE6814263DCCA9006A959D /* Release */ = {
			isa = XCBuildConfiguration;
			buildSettings = {
				ALWAYS_SEARCH_USER_PATHS = NO;
				CLANG_ANALYZER_NONNULL = YES;
				CLANG_ANALYZER_NUMBER_OBJECT_CONVERSION = YES_AGGRESSIVE;
				CLANG_CXX_LANGUAGE_STANDARD = "gnu++14";
				CLANG_CXX_LIBRARY = "libc++";
				CLANG_ENABLE_MODULES = YES;
				CLANG_ENABLE_OBJC_ARC = YES;
				CLANG_ENABLE_OBJC_WEAK = YES;
				CLANG_WARN_BLOCK_CAPTURE_AUTORELEASING = YES;
				CLANG_WARN_BOOL_CONVERSION = YES;
				CLANG_WARN_COMMA = YES;
				CLANG_WARN_CONSTANT_CONVERSION = YES;
				CLANG_WARN_DEPRECATED_OBJC_IMPLEMENTATIONS = YES;
				CLANG_WARN_DIRECT_OBJC_ISA_USAGE = YES_ERROR;
				CLANG_WARN_DOCUMENTATION_COMMENTS = YES;
				CLANG_WARN_EMPTY_BODY = YES;
				CLANG_WARN_ENUM_CONVERSION = YES;
				CLANG_WARN_INFINITE_RECURSION = YES;
				CLANG_WARN_INT_CONVERSION = YES;
				CLANG_WARN_NON_LITERAL_NULL_CONVERSION = YES;
				CLANG_WARN_OBJC_IMPLICIT_RETAIN_SELF = YES;
				CLANG_WARN_OBJC_LITERAL_CONVERSION = YES;
				CLANG_WARN_OBJC_ROOT_CLASS = YES_ERROR;
				CLANG_WARN_QUOTED_INCLUDE_IN_FRAMEWORK_HEADER = YES;
				CLANG_WARN_RANGE_LOOP_ANALYSIS = YES;
				CLANG_WARN_STRICT_PROTOTYPES = YES;
				CLANG_WARN_SUSPICIOUS_MOVE = YES;
				CLANG_WARN_UNGUARDED_AVAILABILITY = YES_AGGRESSIVE;
				CLANG_WARN_UNREACHABLE_CODE = YES;
				CLANG_WARN__DUPLICATE_METHOD_MATCH = YES;
				COPY_PHASE_STRIP = NO;
				DEBUG_INFORMATION_FORMAT = "dwarf-with-dsym";
				ENABLE_NS_ASSERTIONS = NO;
				ENABLE_STRICT_OBJC_MSGSEND = YES;
				GCC_C_LANGUAGE_STANDARD = gnu11;
				GCC_NO_COMMON_BLOCKS = YES;
				GCC_WARN_64_TO_32_BIT_CONVERSION = YES;
				GCC_WARN_ABOUT_RETURN_TYPE = YES_ERROR;
				GCC_WARN_UNDECLARED_SELECTOR = YES;
				GCC_WARN_UNINITIALIZED_AUTOS = YES_AGGRESSIVE;
				GCC_WARN_UNUSED_FUNCTION = YES;
				GCC_WARN_UNUSED_VARIABLE = YES;
				IPHONEOS_DEPLOYMENT_TARGET = 14.1;
				MTL_ENABLE_DEBUG_INFO = NO;
				MTL_FAST_MATH = YES;
				SDKROOT = iphoneos;
				SWIFT_COMPILATION_MODE = wholemodule;
				SWIFT_OPTIMIZATION_LEVEL = "-O";
				VALIDATE_PRODUCT = YES;
			};
			name = Release;
		};
		4ABE6816263DCCA9006A959D /* Debug */ = {
			isa = XCBuildConfiguration;
			baseConfigurationReference = FD5EFEB409AAE4D4ACA65BA1 /* Pods-newsapp.debug.xcconfig */;
			buildSettings = {
				ASSETCATALOG_COMPILER_APPICON_NAME = AppIcon;
				ASSETCATALOG_COMPILER_GLOBAL_ACCENT_COLOR_NAME = AccentColor;
				CODE_SIGN_STYLE = Automatic;
				DEVELOPMENT_TEAM = 664UK652FK;
				INFOPLIST_FILE = newsapp/Info.plist;
				LD_RUNPATH_SEARCH_PATHS = (
					"$(inherited)",
					"@executable_path/Frameworks",
				);
				PRODUCT_BUNDLE_IDENTIFIER = com.f4ni.newsapp;
				PRODUCT_NAME = "$(TARGET_NAME)";
				SWIFT_VERSION = 5.0;
				TARGETED_DEVICE_FAMILY = "1,2";
			};
			name = Debug;
		};
		4ABE6817263DCCA9006A959D /* Release */ = {
			isa = XCBuildConfiguration;
			baseConfigurationReference = ADF84C33392206A770A45609 /* Pods-newsapp.release.xcconfig */;
			buildSettings = {
				ASSETCATALOG_COMPILER_APPICON_NAME = AppIcon;
				ASSETCATALOG_COMPILER_GLOBAL_ACCENT_COLOR_NAME = AccentColor;
				CODE_SIGN_STYLE = Automatic;
				DEVELOPMENT_TEAM = 664UK652FK;
				INFOPLIST_FILE = newsapp/Info.plist;
				LD_RUNPATH_SEARCH_PATHS = (
					"$(inherited)",
					"@executable_path/Frameworks",
				);
				PRODUCT_BUNDLE_IDENTIFIER = com.f4ni.newsapp;
				PRODUCT_NAME = "$(TARGET_NAME)";
				SWIFT_VERSION = 5.0;
				TARGETED_DEVICE_FAMILY = "1,2";
			};
			name = Release;
		};
		4ABE6819263DCCA9006A959D /* Debug */ = {
			isa = XCBuildConfiguration;
			baseConfigurationReference = B723BC866A1DD391E0761EF2 /* Pods-newsappTests.debug.xcconfig */;
			buildSettings = {
				ALWAYS_EMBED_SWIFT_STANDARD_LIBRARIES = YES;
				BUNDLE_LOADER = "$(TEST_HOST)";
				CODE_SIGN_STYLE = Automatic;
				DEVELOPMENT_TEAM = 664UK652FK;
				INFOPLIST_FILE = newsappTests/Info.plist;
				IPHONEOS_DEPLOYMENT_TARGET = 14.1;
				LD_RUNPATH_SEARCH_PATHS = (
					"$(inherited)",
					"@executable_path/Frameworks",
					"@loader_path/Frameworks",
				);
				PRODUCT_BUNDLE_IDENTIFIER = com.f4ni.newsappTests;
				PRODUCT_NAME = "$(TARGET_NAME)";
				SWIFT_VERSION = 5.0;
				TARGETED_DEVICE_FAMILY = "1,2";
				TEST_HOST = "$(BUILT_PRODUCTS_DIR)/newsapp.app/newsapp";
			};
			name = Debug;
		};
		4ABE681A263DCCA9006A959D /* Release */ = {
			isa = XCBuildConfiguration;
			baseConfigurationReference = 8813A705C7258E04A0289FA5 /* Pods-newsappTests.release.xcconfig */;
			buildSettings = {
				ALWAYS_EMBED_SWIFT_STANDARD_LIBRARIES = YES;
				BUNDLE_LOADER = "$(TEST_HOST)";
				CODE_SIGN_STYLE = Automatic;
				DEVELOPMENT_TEAM = 664UK652FK;
				INFOPLIST_FILE = newsappTests/Info.plist;
				IPHONEOS_DEPLOYMENT_TARGET = 14.1;
				LD_RUNPATH_SEARCH_PATHS = (
					"$(inherited)",
					"@executable_path/Frameworks",
					"@loader_path/Frameworks",
				);
				PRODUCT_BUNDLE_IDENTIFIER = com.f4ni.newsappTests;
				PRODUCT_NAME = "$(TARGET_NAME)";
				SWIFT_VERSION = 5.0;
				TARGETED_DEVICE_FAMILY = "1,2";
				TEST_HOST = "$(BUILT_PRODUCTS_DIR)/newsapp.app/newsapp";
			};
			name = Release;
		};
		4ABE681C263DCCA9006A959D /* Debug */ = {
			isa = XCBuildConfiguration;
			baseConfigurationReference = 90891AA40DA09BB113ABFE69 /* Pods-newsapp-newsappUITests.debug.xcconfig */;
			buildSettings = {
				ALWAYS_EMBED_SWIFT_STANDARD_LIBRARIES = YES;
				CODE_SIGN_STYLE = Automatic;
				DEVELOPMENT_TEAM = 664UK652FK;
				INFOPLIST_FILE = newsappUITests/Info.plist;
				LD_RUNPATH_SEARCH_PATHS = (
					"$(inherited)",
					"@executable_path/Frameworks",
					"@loader_path/Frameworks",
				);
				PRODUCT_BUNDLE_IDENTIFIER = com.f4ni.newsappUITests;
				PRODUCT_NAME = "$(TARGET_NAME)";
				SWIFT_VERSION = 5.0;
				TARGETED_DEVICE_FAMILY = "1,2";
				TEST_TARGET_NAME = newsapp;
			};
			name = Debug;
		};
		4ABE681D263DCCA9006A959D /* Release */ = {
			isa = XCBuildConfiguration;
			baseConfigurationReference = 6907F6DD8775560D3913BA65 /* Pods-newsapp-newsappUITests.release.xcconfig */;
			buildSettings = {
				ALWAYS_EMBED_SWIFT_STANDARD_LIBRARIES = YES;
				CODE_SIGN_STYLE = Automatic;
				DEVELOPMENT_TEAM = 664UK652FK;
				INFOPLIST_FILE = newsappUITests/Info.plist;
				LD_RUNPATH_SEARCH_PATHS = (
					"$(inherited)",
					"@executable_path/Frameworks",
					"@loader_path/Frameworks",
				);
				PRODUCT_BUNDLE_IDENTIFIER = com.f4ni.newsappUITests;
				PRODUCT_NAME = "$(TARGET_NAME)";
				SWIFT_VERSION = 5.0;
				TARGETED_DEVICE_FAMILY = "1,2";
				TEST_TARGET_NAME = newsapp;
			};
			name = Release;
		};
/* End XCBuildConfiguration section */

/* Begin XCConfigurationList section */
		4ABE67E6263DCCA8006A959D /* Build configuration list for PBXProject "newsapp" */ = {
			isa = XCConfigurationList;
			buildConfigurations = (
				4ABE6813263DCCA9006A959D /* Debug */,
				4ABE6814263DCCA9006A959D /* Release */,
			);
			defaultConfigurationIsVisible = 0;
			defaultConfigurationName = Release;
		};
		4ABE6815263DCCA9006A959D /* Build configuration list for PBXNativeTarget "newsapp" */ = {
			isa = XCConfigurationList;
			buildConfigurations = (
				4ABE6816263DCCA9006A959D /* Debug */,
				4ABE6817263DCCA9006A959D /* Release */,
			);
			defaultConfigurationIsVisible = 0;
			defaultConfigurationName = Release;
		};
		4ABE6818263DCCA9006A959D /* Build configuration list for PBXNativeTarget "newsappTests" */ = {
			isa = XCConfigurationList;
			buildConfigurations = (
				4ABE6819263DCCA9006A959D /* Debug */,
				4ABE681A263DCCA9006A959D /* Release */,
			);
			defaultConfigurationIsVisible = 0;
			defaultConfigurationName = Release;
		};
		4ABE681B263DCCA9006A959D /* Build configuration list for PBXNativeTarget "newsappUITests" */ = {
			isa = XCConfigurationList;
			buildConfigurations = (
				4ABE681C263DCCA9006A959D /* Debug */,
				4ABE681D263DCCA9006A959D /* Release */,
			);
			defaultConfigurationIsVisible = 0;
			defaultConfigurationName = Release;
		};
/* End XCConfigurationList section */
	};
	rootObject = 4ABE67E3263DCCA8006A959D /* Project object */;
}
